
Microsoft Visual Studio Solution File, Format Version 12.00
# Visual Studio Version 16
VisualStudioVersion = 16.0.29424.173
MinimumVisualStudioVersion = 10.0.40219.1
Project("{FAE04EC0-301F-11D3-BF4B-00C04F79EFBC}") = "HomeWork2020.03.01.Web", "HomeWork2020.03.01.Web\HomeWork2020.03.01.Web.csproj", "{A82B51F3-BC2D-4ED4-B6AB-97353D09A5B7}"
EndProject
Project("{FAE04EC0-301F-11D3-BF4B-00C04F79EFBC}") = "HomeWork2020.03.01.AbstractModels", "HomeWork2020.03.01.AbstractModels\HomeWork2020.03.01.AbstractModels.csproj", "{9C4F85AA-49C6-4A1E-81FC-C44902CA2C3F}"
EndProject
Project("{FAE04EC0-301F-11D3-BF4B-00C04F79EFBC}") = "HomeWork2020.03.01.Services", "HomeWork2020.03.01.Services\HomeWork2020.03.01.Services.csproj", "{973232F5-63E1-4721-AE26-D36BF5AF7063}"
EndProject
Global
	GlobalSection(SolutionConfigurationPlatforms) = preSolution
		Debug|Any CPU = Debug|Any CPU
		Release|Any CPU = Release|Any CPU
	EndGlobalSection
	GlobalSection(ProjectConfigurationPlatforms) = postSolution
		{A82B51F3-BC2D-4ED4-B6AB-97353D09A5B7}.Debug|Any CPU.ActiveCfg = Debug|Any CPU
		{A82B51F3-BC2D-4ED4-B6AB-97353D09A5B7}.Debug|Any CPU.Build.0 = Debug|Any CPU
		{A82B51F3-BC2D-4ED4-B6AB-97353D09A5B7}.Release|Any CPU.ActiveCfg = Release|Any CPU
		{A82B51F3-BC2D-4ED4-B6AB-97353D09A5B7}.Release|Any CPU.Build.0 = Release|Any CPU
		{9C4F85AA-49C6-4A1E-81FC-C44902CA2C3F}.Debug|Any CPU.ActiveCfg = Debug|Any CPU
		{9C4F85AA-49C6-4A1E-81FC-C44902CA2C3F}.Debug|Any CPU.Build.0 = Debug|Any CPU
		{9C4F85AA-49C6-4A1E-81FC-C44902CA2C3F}.Release|Any CPU.ActiveCfg = Release|Any CPU
		{9C4F85AA-49C6-4A1E-81FC-C44902CA2C3F}.Release|Any CPU.Build.0 = Release|Any CPU
		{973232F5-63E1-4721-AE26-D36BF5AF7063}.Debug|Any CPU.ActiveCfg = Debug|Any CPU
		{973232F5-63E1-4721-AE26-D36BF5AF7063}.Debug|Any CPU.Build.0 = Debug|Any CPU
		{973232F5-63E1-4721-AE26-D36BF5AF7063}.Release|Any CPU.ActiveCfg = Release|Any CPU
		{973232F5-63E1-4721-AE26-D36BF5AF7063}.Release|Any CPU.Build.0 = Release|Any CPU
	EndGlobalSection
	GlobalSection(SolutionProperties) = preSolution
		HideSolutionNode = FALSE
	EndGlobalSection
	GlobalSection(ExtensibilityGlobals) = postSolution
		SolutionGuid = {3CD70BC6-ED80-4A76-ABBD-6D8F89D0B042}
	EndGlobalSection
EndGlobal
